
Microsoft Visual Studio Solution File, Format Version 12.00
# Visual Studio Version 17
VisualStudioVersion = 17.0.31912.275
MinimumVisualStudioVersion = 10.0.40219.1
Project("{FAE04EC0-301F-11D3-BF4B-00C04F79EFBC}") = "ProjetoElevador", "ProjetoElevador\ProjetoElevador.csproj", "{AF4C7A7D-5C65-49D5-B5FD-0395BCB85A47}"
EndProject
Global
	GlobalSection(SolutionConfigurationPlatforms) = preSolution
		Debug|Any CPU = Debug|Any CPU
		Release|Any CPU = Release|Any CPU
	EndGlobalSection
	GlobalSection(ProjectConfigurationPlatforms) = postSolution
		{AF4C7A7D-5C65-49D5-B5FD-0395BCB85A47}.Debug|Any CPU.ActiveCfg = Debug|Any CPU
		{AF4C7A7D-5C65-49D5-B5FD-0395BCB85A47}.Debug|Any CPU.Build.0 = Debug|Any CPU
		{AF4C7A7D-5C65-49D5-B5FD-0395BCB85A47}.Release|Any CPU.ActiveCfg = Release|Any CPU
		{AF4C7A7D-5C65-49D5-B5FD-0395BCB85A47}.Release|Any CPU.Build.0 = Release|Any CPU
	EndGlobalSection
	GlobalSection(SolutionProperties) = preSolution
		HideSolutionNode = FALSE
	EndGlobalSection
	GlobalSection(ExtensibilityGlobals) = postSolution
		SolutionGuid = {30235D25-EC1D-4B21-9F20-82EF1111BD0B}
	EndGlobalSection
EndGlobal
